{
  "name": "ssapp-demo-workspace",
  "version": "1.0.0",
  "lockfileVersion": 1,
  "requires": true,
  "dependencies": {
    "octopus": {
      "version": "git+http://github.com/privatesky/octopus.git#4bb41973f9b3f448563b09ea64499693cf042059",
      "from": "git+http://github.com/privatesky/octopus.git#1.0.4"
    }
  }
}
