{
  "name": "web-wallet",
  "version": "1.0.0",
  "lockfileVersion": 1,
  "requires": true,
  "dependencies": {
    "octopus": {
      "version": "git+http://github.com/privatesky/octopus.git#f7ed46f02cc7601ce6800cf9a39efa500386adef",
      "from": "git+http://github.com/privatesky/octopus.git"
    }
  }
}
