{
  "name": "web-wallet",
  "version": "1.0.0",
  "lockfileVersion": 1,
  "requires": true,
  "dependencies": {
    "octopus": {
      "version": "git+http://github.com/privatesky/octopus.git#136da1e450b8157f51e0c960dfbc17108b22ff55",
      "from": "git+http://github.com/privatesky/octopus.git"
    }
  }
}
